version: 2.0
shards:
  artanis:
    git: https://github.com/ysbaddaden/artanis.git
    version: 0.1.0+git.commit.1e92b9dec2ce3f7438da9b5083367349e50aedc2

  db:
    git: https://github.com/crystal-lang/crystal-db.git
    version: 0.12.0

  pg:
    git: https://github.com/will/crystal-pg.git
    version: 0.27.0

